
Microsoft Visual Studio Solution File, Format Version 12.00
# Visual Studio Version 16
VisualStudioVersion = 16.0.31424.327
MinimumVisualStudioVersion = 10.0.40219.1
Project("{FAE04EC0-301F-11D3-BF4B-00C04F79EFBC}") = "SurfingBlogRt", "SurfingBlogRt\SurfingBlogRt.csproj", "{64C63EF2-E034-490C-A6D8-F36C69681ABB}"
EndProject
Global
	GlobalSection(SolutionConfigurationPlatforms) = preSolution
		Debug|Any CPU = Debug|Any CPU
		Release|Any CPU = Release|Any CPU
	EndGlobalSection
	GlobalSection(ProjectConfigurationPlatforms) = postSolution
		{64C63EF2-E034-490C-A6D8-F36C69681ABB}.Debug|Any CPU.ActiveCfg = Debug|Any CPU
		{64C63EF2-E034-490C-A6D8-F36C69681ABB}.Debug|Any CPU.Build.0 = Debug|Any CPU
		{64C63EF2-E034-490C-A6D8-F36C69681ABB}.Release|Any CPU.ActiveCfg = Release|Any CPU
		{64C63EF2-E034-490C-A6D8-F36C69681ABB}.Release|Any CPU.Build.0 = Release|Any CPU
	EndGlobalSection
	GlobalSection(SolutionProperties) = preSolution
		HideSolutionNode = FALSE
	EndGlobalSection
	GlobalSection(ExtensibilityGlobals) = postSolution
		SolutionGuid = {CE4F56C5-3CC7-4456-AD21-2657A4F8B3A3}
	EndGlobalSection
EndGlobal
